FORGE
  remote: https://forgeapi.puppetlabs.com
  specs:
    garethr/erlang (0.3.0)
      puppetlabs/apt (>= 0)
      puppetlabs/stdlib (>= 0)
      stahnma/epel (>= 0)
    maestrodev/wget (1.7.0)
    nanliu/staging (1.0.3)
    puppetlabs/apt (1.8.0)
      puppetlabs/stdlib (>= 2.2.1)
    puppetlabs/gcc (0.3.0)
      puppetlabs/stdlib (< 5.0.0, >= 2.0.0)
    puppetlabs/ntp (4.0.0)
      puppetlabs/stdlib (< 5.0.0, >= 4.6.0)
    puppetlabs/rabbitmq (5.2.2)
      nanliu/staging (< 2.0.0, >= 0.3.1)
      puppetlabs/apt (< 2.0.0, >= 1.8.0)
      puppetlabs/stdlib (< 5.0.0, >= 3.0.0)
    puppetlabs/stdlib (4.6.0)
    puppetlabs/vcsrepo (1.3.0)
    saz/timezone (3.3.0)
      puppetlabs/stdlib (>= 2.3.0)
    sensu/sensu (1.0.0)
      puppetlabs/apt (>= 0.0.1)
      puppetlabs/stdlib (>= 0.0.1)
    stahnma/epel (1.0.2)
    thomasvandoren/redis (0.10.0)
      maestrodev/wget (>= 1.1.0)
      puppetlabs/gcc (>= 0.0.3)
    yelp/uchiwa (0.3.0)
      puppetlabs/apt (>= 0)
      puppetlabs/stdlib (>= 0)

DEPENDENCIES
  garethr/erlang (>= 0)
  puppetlabs/ntp (>= 0)
  puppetlabs/rabbitmq (= 5.2.2)
  puppetlabs/vcsrepo (>= 0)
  saz/timezone (>= 0)
  sensu/sensu (= 1.0.0)
  thomasvandoren/redis (>= 0)
  yelp/uchiwa (>= 0)

